
Microsoft Visual Studio Solution File, Format Version 12.00
# Visual Studio Version 16
VisualStudioVersion = 16.0.30907.101
MinimumVisualStudioVersion = 10.0.40219.1
Project("{9A19103F-16F7-4668-BE54-9A1E7A4F7556}") = "AutomationFrameworkProject", "AutomationFrameworkProject\AutomationFrameworkProject.csproj", "{FB56285F-2293-4FE1-B2B1-FAF5A6D6D7DF}"
EndProject
Global
	GlobalSection(SolutionConfigurationPlatforms) = preSolution
		Debug|Any CPU = Debug|Any CPU
		Release|Any CPU = Release|Any CPU
	EndGlobalSection
	GlobalSection(ProjectConfigurationPlatforms) = postSolution
		{FB56285F-2293-4FE1-B2B1-FAF5A6D6D7DF}.Debug|Any CPU.ActiveCfg = Debug|Any CPU
		{FB56285F-2293-4FE1-B2B1-FAF5A6D6D7DF}.Debug|Any CPU.Build.0 = Debug|Any CPU
		{FB56285F-2293-4FE1-B2B1-FAF5A6D6D7DF}.Release|Any CPU.ActiveCfg = Release|Any CPU
		{FB56285F-2293-4FE1-B2B1-FAF5A6D6D7DF}.Release|Any CPU.Build.0 = Release|Any CPU
	EndGlobalSection
	GlobalSection(SolutionProperties) = preSolution
		HideSolutionNode = FALSE
	EndGlobalSection
	GlobalSection(ExtensibilityGlobals) = postSolution
		SolutionGuid = {E3963266-E034-481A-8C26-157403DD9000}
	EndGlobalSection
EndGlobal
